
Microsoft Visual Studio Solution File, Format Version 12.00
# Visual Studio 2012
Project("{FAE04EC0-301F-11D3-BF4B-00C04F79EFBC}") = "FlowEdit", "FlowEdit.csproj", "{56A2C150-B0BB-42A5-B27D-8D14680A1A3C}"
EndProject
Global
	GlobalSection(SolutionConfigurationPlatforms) = preSolution
		Debug|Any CPU = Debug|Any CPU
		Release|Any CPU = Release|Any CPU
	EndGlobalSection
	GlobalSection(ProjectConfigurationPlatforms) = postSolution
		{56A2C150-B0BB-42A5-B27D-8D14680A1A3C}.Debug|Any CPU.ActiveCfg = Debug|Any CPU
		{56A2C150-B0BB-42A5-B27D-8D14680A1A3C}.Debug|Any CPU.Build.0 = Debug|Any CPU
		{56A2C150-B0BB-42A5-B27D-8D14680A1A3C}.Release|Any CPU.ActiveCfg = Release|Any CPU
		{56A2C150-B0BB-42A5-B27D-8D14680A1A3C}.Release|Any CPU.Build.0 = Release|Any CPU
	EndGlobalSection
	GlobalSection(SolutionProperties) = preSolution
		HideSolutionNode = FALSE
	EndGlobalSection
EndGlobal
